name: "打卡"

on:
  workflow_dispatch:
  schedule:
    - cron: "50 23 * * 1-5"  # 上班卡-每周一至周五的7:50 AM (UTC)
    - cron: "05 00 * * 1-5"   # 额外打卡检查(避免漏签)-每周一至周五的8:05 AM (UTC)
    - cron: "01 10 * * 1-5"   # 下班卡-每周一至周五的6:01 PM (UTC)
    - cron: "30 10 * * 1-5"   # 额外打卡检查(避免漏签)-每周一至周五的6:30 PM (UTC)

jobs:
  build:
    runs-on: ubuntu-latest

    steps:
    - uses: actions/checkout@v3
    - name: Set up Python 3.8
      uses: actions/setup-python@v4
      with:
        python-version: '3.8'
        
    - name: Install depend
      run: |
        pip install certifi
        pip install cffi
        pip install charset-normalizer
        pip install cryptography
        pip install idna
        pip install numpy
        pip install opencv-python
        pip install pycparser
        pip install requests
        pip install urllib3

    - name: Start sign
      env:
        USER: ${{ secrets.USER }}
      run: |
        python index.py
